# This file is automatically @generated by Cargo.
# It is not intended for manual editing.
[[package]]
name = "log_query"
version = "0.1.0"
dependencies = [
 "rust_parse 0.1.0 (git+https://github.com/MwlLj/rust_parse)",
]

[[package]]
name = "rust_parse"
version = "0.1.0"
source = "git+https://github.com/MwlLj/rust_parse#542c3552d7727c0294998e4353a244b64e51348b"

[metadata]
"checksum rust_parse 0.1.0 (git+https://github.com/MwlLj/rust_parse)" = "<none>"
